
Microsoft Visual Studio Solution File, Format Version 12.00
# Visual Studio Version 16
VisualStudioVersion = 16.0.30317.65
MinimumVisualStudioVersion = 10.0.40219.1
Project("{FAE04EC0-301F-11D3-BF4B-00C04F79EFBC}") = "WebApplication", "WebApplication\WebApplication.csproj", "{D392CE6A-B082-4E93-83B8-9751F737B914}"
EndProject
Global
	GlobalSection(SolutionConfigurationPlatforms) = preSolution
		Debug|Any CPU = Debug|Any CPU
		Release|Any CPU = Release|Any CPU
	EndGlobalSection
	GlobalSection(ProjectConfigurationPlatforms) = postSolution
		{D392CE6A-B082-4E93-83B8-9751F737B914}.Debug|Any CPU.ActiveCfg = Debug|Any CPU
		{D392CE6A-B082-4E93-83B8-9751F737B914}.Debug|Any CPU.Build.0 = Debug|Any CPU
		{D392CE6A-B082-4E93-83B8-9751F737B914}.Release|Any CPU.ActiveCfg = Release|Any CPU
		{D392CE6A-B082-4E93-83B8-9751F737B914}.Release|Any CPU.Build.0 = Release|Any CPU
	EndGlobalSection
	GlobalSection(SolutionProperties) = preSolution
		HideSolutionNode = FALSE
	EndGlobalSection
	GlobalSection(ExtensibilityGlobals) = postSolution
		SolutionGuid = {AF3EA618-8716-4912-BD16-E6B62BFF35FF}
	EndGlobalSection
EndGlobal
